<Solution>
  <Folder Name="/src/">
    <Project Path="src/TrocaDeFigurinhas.Tests.Integration/TrocaDeFigurinhas.Tests.Integration.csproj" />
    <Project Path="src/TrocaDeFigurinhas.Tests.Unit/TrocaDeFigurinhas.Tests.Unit.csproj" />
    <Project Path="src/TrocaDeFigurinhas/TrocaDeFigurinhas.csproj" />
  </Folder>
  <Folder Name="/src/TrocaDeFigurinhas/" />
</Solution>
